
Microsoft Visual Studio Solution File, Format Version 12.00
# Visual Studio 14
VisualStudioVersion = 14.0.25420.1
MinimumVisualStudioVersion = 10.0.40219.1
Project("{FAE04EC0-301F-11D3-BF4B-00C04F79EFBC}") = "ProductShop.Models", "ProductShop.Models\ProductShop.Models.csproj", "{A44EE603-4357-4CDF-B7AB-4FBBAAA6D251}"
EndProject
Project("{FAE04EC0-301F-11D3-BF4B-00C04F79EFBC}") = "ProductShop.Data", "ProductShop.Data\ProductShop.Data.csproj", "{F2A901F8-1BF7-4285-9566-C1252C7CD24C}"
EndProject
Project("{FAE04EC0-301F-11D3-BF4B-00C04F79EFBC}") = "ProductShop.Services", "ProductShop.Services\ProductShop.Services.csproj", "{44D7F11D-F14A-4905-BF31-52666C18E741}"
EndProject
Global
	GlobalSection(SolutionConfigurationPlatforms) = preSolution
		Debug|Any CPU = Debug|Any CPU
		Release|Any CPU = Release|Any CPU
	EndGlobalSection
	GlobalSection(ProjectConfigurationPlatforms) = postSolution
		{A44EE603-4357-4CDF-B7AB-4FBBAAA6D251}.Debug|Any CPU.ActiveCfg = Debug|Any CPU
		{A44EE603-4357-4CDF-B7AB-4FBBAAA6D251}.Debug|Any CPU.Build.0 = Debug|Any CPU
		{A44EE603-4357-4CDF-B7AB-4FBBAAA6D251}.Release|Any CPU.ActiveCfg = Release|Any CPU
		{A44EE603-4357-4CDF-B7AB-4FBBAAA6D251}.Release|Any CPU.Build.0 = Release|Any CPU
		{F2A901F8-1BF7-4285-9566-C1252C7CD24C}.Debug|Any CPU.ActiveCfg = Debug|Any CPU
		{F2A901F8-1BF7-4285-9566-C1252C7CD24C}.Debug|Any CPU.Build.0 = Debug|Any CPU
		{F2A901F8-1BF7-4285-9566-C1252C7CD24C}.Release|Any CPU.ActiveCfg = Release|Any CPU
		{F2A901F8-1BF7-4285-9566-C1252C7CD24C}.Release|Any CPU.Build.0 = Release|Any CPU
		{44D7F11D-F14A-4905-BF31-52666C18E741}.Debug|Any CPU.ActiveCfg = Debug|Any CPU
		{44D7F11D-F14A-4905-BF31-52666C18E741}.Debug|Any CPU.Build.0 = Debug|Any CPU
		{44D7F11D-F14A-4905-BF31-52666C18E741}.Release|Any CPU.ActiveCfg = Release|Any CPU
		{44D7F11D-F14A-4905-BF31-52666C18E741}.Release|Any CPU.Build.0 = Release|Any CPU
	EndGlobalSection
	GlobalSection(SolutionProperties) = preSolution
		HideSolutionNode = FALSE
	EndGlobalSection
EndGlobal
